PODS:
  - NSObject+Rx (2.3.0):
    - RxSwift (~> 3.0)
  - RxCocoa (3.5.0):
    - RxSwift (~> 3.4)
  - RxSwift (3.5.0)
  - SwiftyJSON (3.1.4)

DEPENDENCIES:
  - NSObject+Rx
  - RxCocoa (~> 3.5.0)
  - RxSwift (~> 3.5.0)
  - SwiftyJSON (~> 3.1.4)

SPEC CHECKSUMS:
  NSObject+Rx: 38170f84b948152c05c57260cb853e387a5519d1
  RxCocoa: a0a09f45d0e5b48ecb6a4a7b4b4c89c88d3f633f
  RxSwift: 18ee9d78b45edb3b0b7e79916b47a116e6dbc842
  SwiftyJSON: c2842d878f95482ffceec5709abc3d05680c0220

PODFILE CHECKSUM: 10991dee274fa9ac017232144ae9be66febf9a68

COCOAPODS: 1.2.1
